{
  "name": "@dotrino/vaultd",
  "version": "0.13.0",
  "lockfileVersion": 3,
  "requires": true,
  "packages": {
    "": {
      "name": "@dotrino/vaultd",
      "version": "0.13.0",
      "license": "MIT",
      "dependencies": {
        "@dotrino/identity": "^0.38.0",
        "@dotrino/proxy-client": "^0.10.0",
        "ws": "^8.18.0"
      },
      "bin": {
        "dotrino-vault": "bin/dotrino-vault.js",
        "dotrino-vault-tui": "bin/dotrino-vault-tui.js",
        "dotrino-vaultd": "bin/dotrino-vaultd.js",
        "vaultd": "bin/dotrino-vaultd.js"
      },
      "devDependencies": {
        "@dotrino/remote-agent": "^0.3.0"
      },
      "engines": {
        "node": ">=20"
      }
    },
    "node_modules/@dotrino/identity": {
      "version": "0.38.0",
      "resolved": "https://registry.npmjs.org/@dotrino/identity/-/identity-0.38.0.tgz",
      "integrity": "sha512-Dv8FBSeHrNsdp0Es59M4C8Nmlt255RtSW7iGZQ4W1P853rwiKkiOinzV6aYIKlWzC3g8OSybQAsgcu0lFeY5wQ==",
      "license": "MIT",
      "dependencies": {
        "@dotrino/proxy-client": "0.10.0"
      }
    },
    "node_modules/@dotrino/proxy-client": {
      "version": "0.10.0",
      "resolved": "https://registry.npmjs.org/@dotrino/proxy-client/-/proxy-client-0.10.0.tgz",
      "integrity": "sha512-qnm7OsSWd1mcye2V5F5PmoO+F7kxYBvfPMK1Ad9dnN0s4YNVEsBe8oz/UIdElezCd2r53hF1FGL9MTK64a+fhQ==",
      "license": "MIT"
    },
    "node_modules/@dotrino/remote-agent": {
      "version": "0.3.0",
      "resolved": "https://registry.npmjs.org/@dotrino/remote-agent/-/remote-agent-0.3.0.tgz",
      "integrity": "sha512-/I3CVWkzLa2Jlcn2y9n1ioCnOn/qiefyHVF970jwfn+g+0qmrN9IufCGYpjT7vqyfwicToLR4kRnEqIbS4cAFA==",
      "dev": true,
      "license": "MIT",
      "dependencies": {
        "@dotrino/identity": "0.33.0",
        "@dotrino/proxy-client": "0.8.0",
        "ws": "8.21.0"
      },
      "engines": {
        "node": ">=18"
      }
    },
    "node_modules/@dotrino/remote-agent/node_modules/@dotrino/identity": {
      "version": "0.33.0",
      "resolved": "https://registry.npmjs.org/@dotrino/identity/-/identity-0.33.0.tgz",
      "integrity": "sha512-SlV9SnZDLaTStBZ55tv0QpchdxIGwwmH2ONhRjK1eYHHwnJjP85G0MsTC2e0ifgsoYNQLFMX9FroQ48KHFBgbA==",
      "dev": true,
      "license": "MIT",
      "dependencies": {
        "@dotrino/proxy-client": "0.6.3"
      }
    },
    "node_modules/@dotrino/remote-agent/node_modules/@dotrino/identity/node_modules/@dotrino/proxy-client": {
      "version": "0.6.3",
      "resolved": "https://registry.npmjs.org/@dotrino/proxy-client/-/proxy-client-0.6.3.tgz",
      "integrity": "sha512-GXl2yjK8Hs5oYrhNSeYAnteKHR/sanQnQcJl2Re0Bh0nj0NNI+Fgl8NW9Tanjf5X9sm6Vun+J6HYCxrjsWFL0Q==",
      "dev": true,
      "license": "MIT"
    },
    "node_modules/@dotrino/remote-agent/node_modules/@dotrino/proxy-client": {
      "version": "0.8.0",
      "resolved": "https://registry.npmjs.org/@dotrino/proxy-client/-/proxy-client-0.8.0.tgz",
      "integrity": "sha512-QBsYKOv55kXgXAk6asSfVpTnAJgs65c2dyg4ZRL5XHPG8FsQ92EB6lH3RHoVEkWGHGDW2mBTgQhGIapDg/7/iQ==",
      "dev": true,
      "license": "MIT"
    },
    "node_modules/ws": {
      "version": "8.21.0",
      "resolved": "https://registry.npmjs.org/ws/-/ws-8.21.0.tgz",
      "integrity": "sha512-Vsp28b7DRcimFQvrqu2Wek3z1iYxDCWqHYB8Qsnk/S4RfaCQzPGPyBNuVjJV3cd6UiKtUtp6sNM77gWvzcCH+g==",
      "license": "MIT",
      "engines": {
        "node": ">=10.0.0"
      },
      "peerDependencies": {
        "bufferutil": "^4.0.1",
        "utf-8-validate": ">=5.0.2"
      },
      "peerDependenciesMeta": {
        "bufferutil": {
          "optional": true
        },
        "utf-8-validate": {
          "optional": true
        }
      }
    }
  }
}
