{
  "name": "dotrino-vault",
  "version": "0.1.0",
  "lockfileVersion": 3,
  "requires": true,
  "packages": {
    "": {
      "name": "dotrino-vault",
      "version": "0.1.0",
      "dependencies": {
        "@dotrino/identity": "file:../dotrino-identity",
        "@dotrino/proxy-client": "0.6.3",
        "ws": "^8.18.0"
      },
      "bin": {
        "dotrino-vaultd": "bin/dotrino-vaultd.js"
      },
      "engines": {
        "node": ">=20"
      }
    },
    "../dotrino-identity": {
      "name": "@dotrino/identity",
      "version": "0.10.0",
      "license": "MIT",
      "devDependencies": {
        "fake-indexeddb": "^6.2.5"
      }
    },
    "node_modules/@dotrino/identity": {
      "resolved": "../dotrino-identity",
      "link": true
    },
    "node_modules/@dotrino/proxy-client": {
      "version": "0.6.3",
      "resolved": "https://registry.npmjs.org/@dotrino/proxy-client/-/proxy-client-0.6.3.tgz",
      "integrity": "sha512-GXl2yjK8Hs5oYrhNSeYAnteKHR/sanQnQcJl2Re0Bh0nj0NNI+Fgl8NW9Tanjf5X9sm6Vun+J6HYCxrjsWFL0Q==",
      "license": "MIT"
    },
    "node_modules/ws": {
      "version": "8.21.0",
      "resolved": "https://registry.npmjs.org/ws/-/ws-8.21.0.tgz",
      "integrity": "sha512-Vsp28b7DRcimFQvrqu2Wek3z1iYxDCWqHYB8Qsnk/S4RfaCQzPGPyBNuVjJV3cd6UiKtUtp6sNM77gWvzcCH+g==",
      "license": "MIT",
      "engines": {
        "node": ">=10.0.0"
      },
      "peerDependencies": {
        "bufferutil": "^4.0.1",
        "utf-8-validate": ">=5.0.2"
      },
      "peerDependenciesMeta": {
        "bufferutil": {
          "optional": true
        },
        "utf-8-validate": {
          "optional": true
        }
      }
    }
  }
}
