{
  "name": "@dotrino/vaultd",
  "version": "0.6.2",
  "lockfileVersion": 3,
  "requires": true,
  "packages": {
    "": {
      "name": "@dotrino/vaultd",
      "version": "0.6.2",
      "license": "MIT",
      "dependencies": {
        "@dotrino/identity": "^0.34.0",
        "@dotrino/proxy-client": "0.8.0",
        "ws": "^8.18.0"
      },
      "bin": {
        "dotrino-vault": "bin/dotrino-vault.js",
        "dotrino-vault-tui": "bin/dotrino-vault-tui.js",
        "dotrino-vaultd": "bin/dotrino-vaultd.js"
      },
      "engines": {
        "node": ">=20"
      }
    },
    "node_modules/@dotrino/identity": {
      "version": "0.34.0",
      "resolved": "https://registry.npmjs.org/@dotrino/identity/-/identity-0.34.0.tgz",
      "integrity": "sha512-wUFgcmadgeir/M3dClpq7lIa5ZpA5q1yiJFgcA1whs7NnWErHmGgseXAHF5dyOTUzxhLeUJhbttjFsg1TnGCnA==",
      "license": "MIT",
      "dependencies": {
        "@dotrino/proxy-client": "0.8.0"
      }
    },
    "node_modules/@dotrino/proxy-client": {
      "version": "0.8.0",
      "resolved": "https://registry.npmjs.org/@dotrino/proxy-client/-/proxy-client-0.8.0.tgz",
      "integrity": "sha512-QBsYKOv55kXgXAk6asSfVpTnAJgs65c2dyg4ZRL5XHPG8FsQ92EB6lH3RHoVEkWGHGDW2mBTgQhGIapDg/7/iQ==",
      "license": "MIT"
    },
    "node_modules/ws": {
      "version": "8.21.0",
      "resolved": "https://registry.npmjs.org/ws/-/ws-8.21.0.tgz",
      "integrity": "sha512-Vsp28b7DRcimFQvrqu2Wek3z1iYxDCWqHYB8Qsnk/S4RfaCQzPGPyBNuVjJV3cd6UiKtUtp6sNM77gWvzcCH+g==",
      "license": "MIT",
      "engines": {
        "node": ">=10.0.0"
      },
      "peerDependencies": {
        "bufferutil": "^4.0.1",
        "utf-8-validate": ">=5.0.2"
      },
      "peerDependenciesMeta": {
        "bufferutil": {
          "optional": true
        },
        "utf-8-validate": {
          "optional": true
        }
      }
    }
  }
}
